
Microsoft Visual Studio Solution File, Format Version 12.00
# Visual Studio 14
VisualStudioVersion = 14.0.23107.0
MinimumVisualStudioVersion = 10.0.40219.1
Project("{2150E333-8FDC-42A3-9474-1A3956D46DE8}") = "Performance", "Performance", "{D6DB6259-3EEB-46E3-8257-D0EE80EEE1CD}"
EndProject
Project("{2150E333-8FDC-42A3-9474-1A3956D46DE8}") = ".nuget", ".nuget", "{026EC790-733F-411F-B656-B4FD734B3DC9}"
	ProjectSection(SolutionItems) = preProject
		.nuget\NuGet.Config = .nuget\NuGet.Config
		.nuget\NuGet.exe = .nuget\NuGet.exe
		.nuget\NuGet.targets = .nuget\NuGet.targets
	EndProjectSection
EndProject
Project("{2150E333-8FDC-42A3-9474-1A3956D46DE8}") = "Tests", "Tests", "{2EE5ED52-E5E7-4045-B69B-79AEEF3EBA3C}"
EndProject
Project("{8BB2217D-0F2D-49D1-97BC-3654ED321F3B}") = "IoFx.Core", "IoFx.Core\IoFx.Core.xproj", "{17DFD214-699E-49D0-98FF-1BA3ABE7E2EA}"
EndProject
Project("{8BB2217D-0F2D-49D1-97BC-3654ED321F3B}") = "IoFx", "IoFx\IoFx.xproj", "{67409A26-CB46-46A8-8369-BBC6240C235A}"
EndProject
Project("{8BB2217D-0F2D-49D1-97BC-3654ED321F3B}") = "IoFx.Test", "Tests\IoFx.Test\IoFx.Test.xproj", "{5C60213F-6414-4B5A-902D-A8A6D5DB8239}"
EndProject
Project("{8BB2217D-0F2D-49D1-97BC-3654ED321F3B}") = "SM.Rx.Test", "Tests\SM.Rx.Test\SM.Rx.Test.xproj", "{8EF45C7C-ACD9-426A-96C1-2188CFB5A8B1}"
EndProject
Project("{8BB2217D-0F2D-49D1-97BC-3654ED321F3B}") = "Connect", "Tests\Performance\Connect\Connect.xproj", "{10369A38-620D-4919-B00D-E649F673A141}"
EndProject
Project("{8BB2217D-0F2D-49D1-97BC-3654ED321F3B}") = "Samples", "Samples\Samples.xproj", "{A43755D9-3C07-45C4-B79B-2C208FE38981}"
EndProject
Global
	GlobalSection(SolutionConfigurationPlatforms) = preSolution
		Debug|Any CPU = Debug|Any CPU
		Debug|ARM = Debug|ARM
		Debug|x64 = Debug|x64
		Debug|x86 = Debug|x86
		Release|Any CPU = Release|Any CPU
		Release|ARM = Release|ARM
		Release|x64 = Release|x64
		Release|x86 = Release|x86
	EndGlobalSection
	GlobalSection(ProjectConfigurationPlatforms) = postSolution
		{17DFD214-699E-49D0-98FF-1BA3ABE7E2EA}.Debug|Any CPU.ActiveCfg = Debug|Any CPU
		{17DFD214-699E-49D0-98FF-1BA3ABE7E2EA}.Debug|Any CPU.Build.0 = Debug|Any CPU
		{17DFD214-699E-49D0-98FF-1BA3ABE7E2EA}.Debug|ARM.ActiveCfg = Debug|Any CPU
		{17DFD214-699E-49D0-98FF-1BA3ABE7E2EA}.Debug|ARM.Build.0 = Debug|Any CPU
		{17DFD214-699E-49D0-98FF-1BA3ABE7E2EA}.Debug|x64.ActiveCfg = Debug|Any CPU
		{17DFD214-699E-49D0-98FF-1BA3ABE7E2EA}.Debug|x64.Build.0 = Debug|Any CPU
		{17DFD214-699E-49D0-98FF-1BA3ABE7E2EA}.Debug|x86.ActiveCfg = Debug|Any CPU
		{17DFD214-699E-49D0-98FF-1BA3ABE7E2EA}.Debug|x86.Build.0 = Debug|Any CPU
		{17DFD214-699E-49D0-98FF-1BA3ABE7E2EA}.Release|Any CPU.ActiveCfg = Release|Any CPU
		{17DFD214-699E-49D0-98FF-1BA3ABE7E2EA}.Release|Any CPU.Build.0 = Release|Any CPU
		{17DFD214-699E-49D0-98FF-1BA3ABE7E2EA}.Release|ARM.ActiveCfg = Release|Any CPU
		{17DFD214-699E-49D0-98FF-1BA3ABE7E2EA}.Release|ARM.Build.0 = Release|Any CPU
		{17DFD214-699E-49D0-98FF-1BA3ABE7E2EA}.Release|x64.ActiveCfg = Release|Any CPU
		{17DFD214-699E-49D0-98FF-1BA3ABE7E2EA}.Release|x64.Build.0 = Release|Any CPU
		{17DFD214-699E-49D0-98FF-1BA3ABE7E2EA}.Release|x86.ActiveCfg = Release|Any CPU
		{17DFD214-699E-49D0-98FF-1BA3ABE7E2EA}.Release|x86.Build.0 = Release|Any CPU
		{67409A26-CB46-46A8-8369-BBC6240C235A}.Debug|Any CPU.ActiveCfg = Debug|Any CPU
		{67409A26-CB46-46A8-8369-BBC6240C235A}.Debug|Any CPU.Build.0 = Debug|Any CPU
		{67409A26-CB46-46A8-8369-BBC6240C235A}.Debug|ARM.ActiveCfg = Debug|Any CPU
		{67409A26-CB46-46A8-8369-BBC6240C235A}.Debug|ARM.Build.0 = Debug|Any CPU
		{67409A26-CB46-46A8-8369-BBC6240C235A}.Debug|x64.ActiveCfg = Debug|Any CPU
		{67409A26-CB46-46A8-8369-BBC6240C235A}.Debug|x64.Build.0 = Debug|Any CPU
		{67409A26-CB46-46A8-8369-BBC6240C235A}.Debug|x86.ActiveCfg = Debug|Any CPU
		{67409A26-CB46-46A8-8369-BBC6240C235A}.Debug|x86.Build.0 = Debug|Any CPU
		{67409A26-CB46-46A8-8369-BBC6240C235A}.Release|Any CPU.ActiveCfg = Release|Any CPU
		{67409A26-CB46-46A8-8369-BBC6240C235A}.Release|Any CPU.Build.0 = Release|Any CPU
		{67409A26-CB46-46A8-8369-BBC6240C235A}.Release|ARM.ActiveCfg = Release|Any CPU
		{67409A26-CB46-46A8-8369-BBC6240C235A}.Release|ARM.Build.0 = Release|Any CPU
		{67409A26-CB46-46A8-8369-BBC6240C235A}.Release|x64.ActiveCfg = Release|Any CPU
		{67409A26-CB46-46A8-8369-BBC6240C235A}.Release|x64.Build.0 = Release|Any CPU
		{67409A26-CB46-46A8-8369-BBC6240C235A}.Release|x86.ActiveCfg = Release|Any CPU
		{67409A26-CB46-46A8-8369-BBC6240C235A}.Release|x86.Build.0 = Release|Any CPU
		{5C60213F-6414-4B5A-902D-A8A6D5DB8239}.Debug|Any CPU.ActiveCfg = Debug|Any CPU
		{5C60213F-6414-4B5A-902D-A8A6D5DB8239}.Debug|Any CPU.Build.0 = Debug|Any CPU
		{5C60213F-6414-4B5A-902D-A8A6D5DB8239}.Debug|ARM.ActiveCfg = Debug|Any CPU
		{5C60213F-6414-4B5A-902D-A8A6D5DB8239}.Debug|ARM.Build.0 = Debug|Any CPU
		{5C60213F-6414-4B5A-902D-A8A6D5DB8239}.Debug|x64.ActiveCfg = Debug|Any CPU
		{5C60213F-6414-4B5A-902D-A8A6D5DB8239}.Debug|x64.Build.0 = Debug|Any CPU
		{5C60213F-6414-4B5A-902D-A8A6D5DB8239}.Debug|x86.ActiveCfg = Debug|Any CPU
		{5C60213F-6414-4B5A-902D-A8A6D5DB8239}.Debug|x86.Build.0 = Debug|Any CPU
		{5C60213F-6414-4B5A-902D-A8A6D5DB8239}.Release|Any CPU.ActiveCfg = Release|Any CPU
		{5C60213F-6414-4B5A-902D-A8A6D5DB8239}.Release|Any CPU.Build.0 = Release|Any CPU
		{5C60213F-6414-4B5A-902D-A8A6D5DB8239}.Release|ARM.ActiveCfg = Release|Any CPU
		{5C60213F-6414-4B5A-902D-A8A6D5DB8239}.Release|ARM.Build.0 = Release|Any CPU
		{5C60213F-6414-4B5A-902D-A8A6D5DB8239}.Release|x64.ActiveCfg = Release|Any CPU
		{5C60213F-6414-4B5A-902D-A8A6D5DB8239}.Release|x64.Build.0 = Release|Any CPU
		{5C60213F-6414-4B5A-902D-A8A6D5DB8239}.Release|x86.ActiveCfg = Release|Any CPU
		{5C60213F-6414-4B5A-902D-A8A6D5DB8239}.Release|x86.Build.0 = Release|Any CPU
		{8EF45C7C-ACD9-426A-96C1-2188CFB5A8B1}.Debug|Any CPU.ActiveCfg = Debug|Any CPU
		{8EF45C7C-ACD9-426A-96C1-2188CFB5A8B1}.Debug|Any CPU.Build.0 = Debug|Any CPU
		{8EF45C7C-ACD9-426A-96C1-2188CFB5A8B1}.Debug|ARM.ActiveCfg = Debug|Any CPU
		{8EF45C7C-ACD9-426A-96C1-2188CFB5A8B1}.Debug|ARM.Build.0 = Debug|Any CPU
		{8EF45C7C-ACD9-426A-96C1-2188CFB5A8B1}.Debug|x64.ActiveCfg = Debug|Any CPU
		{8EF45C7C-ACD9-426A-96C1-2188CFB5A8B1}.Debug|x64.Build.0 = Debug|Any CPU
		{8EF45C7C-ACD9-426A-96C1-2188CFB5A8B1}.Debug|x86.ActiveCfg = Debug|Any CPU
		{8EF45C7C-ACD9-426A-96C1-2188CFB5A8B1}.Debug|x86.Build.0 = Debug|Any CPU
		{8EF45C7C-ACD9-426A-96C1-2188CFB5A8B1}.Release|Any CPU.ActiveCfg = Release|Any CPU
		{8EF45C7C-ACD9-426A-96C1-2188CFB5A8B1}.Release|Any CPU.Build.0 = Release|Any CPU
		{8EF45C7C-ACD9-426A-96C1-2188CFB5A8B1}.Release|ARM.ActiveCfg = Release|Any CPU
		{8EF45C7C-ACD9-426A-96C1-2188CFB5A8B1}.Release|ARM.Build.0 = Release|Any CPU
		{8EF45C7C-ACD9-426A-96C1-2188CFB5A8B1}.Release|x64.ActiveCfg = Release|Any CPU
		{8EF45C7C-ACD9-426A-96C1-2188CFB5A8B1}.Release|x64.Build.0 = Release|Any CPU
		{8EF45C7C-ACD9-426A-96C1-2188CFB5A8B1}.Release|x86.ActiveCfg = Release|Any CPU
		{8EF45C7C-ACD9-426A-96C1-2188CFB5A8B1}.Release|x86.Build.0 = Release|Any CPU
		{10369A38-620D-4919-B00D-E649F673A141}.Debug|Any CPU.ActiveCfg = Debug|Any CPU
		{10369A38-620D-4919-B00D-E649F673A141}.Debug|Any CPU.Build.0 = Debug|Any CPU
		{10369A38-620D-4919-B00D-E649F673A141}.Debug|ARM.ActiveCfg = Debug|Any CPU
		{10369A38-620D-4919-B00D-E649F673A141}.Debug|ARM.Build.0 = Debug|Any CPU
		{10369A38-620D-4919-B00D-E649F673A141}.Debug|x64.ActiveCfg = Debug|Any CPU
		{10369A38-620D-4919-B00D-E649F673A141}.Debug|x64.Build.0 = Debug|Any CPU
		{10369A38-620D-4919-B00D-E649F673A141}.Debug|x86.ActiveCfg = Debug|Any CPU
		{10369A38-620D-4919-B00D-E649F673A141}.Debug|x86.Build.0 = Debug|Any CPU
		{10369A38-620D-4919-B00D-E649F673A141}.Release|Any CPU.ActiveCfg = Release|Any CPU
		{10369A38-620D-4919-B00D-E649F673A141}.Release|Any CPU.Build.0 = Release|Any CPU
		{10369A38-620D-4919-B00D-E649F673A141}.Release|ARM.ActiveCfg = Release|Any CPU
		{10369A38-620D-4919-B00D-E649F673A141}.Release|ARM.Build.0 = Release|Any CPU
		{10369A38-620D-4919-B00D-E649F673A141}.Release|x64.ActiveCfg = Release|Any CPU
		{10369A38-620D-4919-B00D-E649F673A141}.Release|x64.Build.0 = Release|Any CPU
		{10369A38-620D-4919-B00D-E649F673A141}.Release|x86.ActiveCfg = Release|Any CPU
		{10369A38-620D-4919-B00D-E649F673A141}.Release|x86.Build.0 = Release|Any CPU
		{A43755D9-3C07-45C4-B79B-2C208FE38981}.Debug|Any CPU.ActiveCfg = Debug|Any CPU
		{A43755D9-3C07-45C4-B79B-2C208FE38981}.Debug|Any CPU.Build.0 = Debug|Any CPU
		{A43755D9-3C07-45C4-B79B-2C208FE38981}.Debug|ARM.ActiveCfg = Debug|Any CPU
		{A43755D9-3C07-45C4-B79B-2C208FE38981}.Debug|ARM.Build.0 = Debug|Any CPU
		{A43755D9-3C07-45C4-B79B-2C208FE38981}.Debug|x64.ActiveCfg = Debug|Any CPU
		{A43755D9-3C07-45C4-B79B-2C208FE38981}.Debug|x64.Build.0 = Debug|Any CPU
		{A43755D9-3C07-45C4-B79B-2C208FE38981}.Debug|x86.ActiveCfg = Debug|Any CPU
		{A43755D9-3C07-45C4-B79B-2C208FE38981}.Debug|x86.Build.0 = Debug|Any CPU
		{A43755D9-3C07-45C4-B79B-2C208FE38981}.Release|Any CPU.ActiveCfg = Release|Any CPU
		{A43755D9-3C07-45C4-B79B-2C208FE38981}.Release|Any CPU.Build.0 = Release|Any CPU
		{A43755D9-3C07-45C4-B79B-2C208FE38981}.Release|ARM.ActiveCfg = Release|Any CPU
		{A43755D9-3C07-45C4-B79B-2C208FE38981}.Release|ARM.Build.0 = Release|Any CPU
		{A43755D9-3C07-45C4-B79B-2C208FE38981}.Release|x64.ActiveCfg = Release|Any CPU
		{A43755D9-3C07-45C4-B79B-2C208FE38981}.Release|x64.Build.0 = Release|Any CPU
		{A43755D9-3C07-45C4-B79B-2C208FE38981}.Release|x86.ActiveCfg = Release|Any CPU
		{A43755D9-3C07-45C4-B79B-2C208FE38981}.Release|x86.Build.0 = Release|Any CPU
	EndGlobalSection
	GlobalSection(SolutionProperties) = preSolution
		HideSolutionNode = FALSE
	EndGlobalSection
	GlobalSection(NestedProjects) = preSolution
		{D6DB6259-3EEB-46E3-8257-D0EE80EEE1CD} = {2EE5ED52-E5E7-4045-B69B-79AEEF3EBA3C}
		{5C60213F-6414-4B5A-902D-A8A6D5DB8239} = {2EE5ED52-E5E7-4045-B69B-79AEEF3EBA3C}
		{8EF45C7C-ACD9-426A-96C1-2188CFB5A8B1} = {2EE5ED52-E5E7-4045-B69B-79AEEF3EBA3C}
		{10369A38-620D-4919-B00D-E649F673A141} = {D6DB6259-3EEB-46E3-8257-D0EE80EEE1CD}
	EndGlobalSection
EndGlobal
